{
  "name": "orgspace-apply",
  "lockfileVersion": 3,
  "requires": true,
  "packages": {
    "": {
      "name": "orgspace-apply",
      "devDependencies": {
        "bun-types": "^0.4.0"
      }
    },
    "node_modules/bun-types": {
      "version": "0.4.0",
      "resolved": "https://registry.npmjs.org/bun-types/-/bun-types-0.4.0.tgz",
      "integrity": "sha512-KaXuDgaIHmvpCxpZCVUHTbsfKYRnSKBdzlYMBNjHnav7VCvT6KqEvykd007xP86iCxytO/7C9yLvR2+7JRtMrA==",
      "dev": true
    }
  }
}
